// !$*UTF8*$!
{
	archiveVersion = 1;
	classes = {
	};
	objectVersion = 46;
	objects = {

/* Begin PBXBuildFile section */
		541178361DB8E25E00844743 /* Product.swift in Sources */ = {isa = PBXBuildFile; fileRef = 541178351DB8E25E00844743 /* Product.swift */; };
		541178381DB8E29F00844743 /* ProductInfo.swift in Sources */ = {isa = PBXBuildFile; fileRef = 541178371DB8E29F00844743 /* ProductInfo.swift */; };
		541910511DBC716F00A16B02 /* EventTest.swift in Sources */ = {isa = PBXBuildFile; fileRef = 541910501DBC716F00A16B02 /* EventTest.swift */; };
		541910531DBC7E3500A16B02 /* PageTest.swift in Sources */ = {isa = PBXBuildFile; fileRef = 541910521DBC7E3500A16B02 /* PageTest.swift */; };
		541910551DBCCD3800A16B02 /* PrivacyTest.swift in Sources */ = {isa = PBXBuildFile; fileRef = 541910541DBCCD3800A16B02 /* PrivacyTest.swift */; };
		541910581DBCCDDC00A16B02 /* ProductTest.swift in Sources */ = {isa = PBXBuildFile; fileRef = 541910571DBCCDDC00A16B02 /* ProductTest.swift */; };
		5419105A1DBCCFF800A16B02 /* SecurityTest.swift in Sources */ = {isa = PBXBuildFile; fileRef = 541910591DBCCFF800A16B02 /* SecurityTest.swift */; };
		5419105E1DBCDD5C00A16B02 /* TransactionTest.swift in Sources */ = {isa = PBXBuildFile; fileRef = 5419105D1DBCDD5C00A16B02 /* TransactionTest.swift */; };
		541910601DBCDEAF00A16B02 /* UserTest.swift in Sources */ = {isa = PBXBuildFile; fileRef = 5419105F1DBCDEAF00A16B02 /* UserTest.swift */; };
		542FC3D11DB8BDEF00EB5F55 /* BaseItem.swift in Sources */ = {isa = PBXBuildFile; fileRef = 542FC3D01DB8BDEF00EB5F55 /* BaseItem.swift */; };
		542FC3D31DB8C6DA00EB5F55 /* Security.swift in Sources */ = {isa = PBXBuildFile; fileRef = 542FC3D21DB8C6DA00EB5F55 /* Security.swift */; };
		542FC3D51DB8CD9D00EB5F55 /* Error.swift in Sources */ = {isa = PBXBuildFile; fileRef = 542FC3D41DB8CD9D00EB5F55 /* Error.swift */; };
		542FC3D71DB8CF4F00EB5F55 /* DigitalData.swift in Sources */ = {isa = PBXBuildFile; fileRef = 542FC3D61DB8CF4F00EB5F55 /* DigitalData.swift */; };
		542FC3DA1DB8D0FE00EB5F55 /* Page.swift in Sources */ = {isa = PBXBuildFile; fileRef = 542FC3D91DB8D0FE00EB5F55 /* Page.swift */; };
		542FC3DC1DB8D13000EB5F55 /* PageInfo.swift in Sources */ = {isa = PBXBuildFile; fileRef = 542FC3DB1DB8D13000EB5F55 /* PageInfo.swift */; };
		542FC3DE1DB8D97F00EB5F55 /* Category.swift in Sources */ = {isa = PBXBuildFile; fileRef = 542FC3DD1DB8D97F00EB5F55 /* Category.swift */; };
		542FC3E01DB8DBBB00EB5F55 /* Attributes.swift in Sources */ = {isa = PBXBuildFile; fileRef = 542FC3DF1DB8DBBB00EB5F55 /* Attributes.swift */; };
		544E35291DB9D0DF00EDCBA3 /* LinkedProduct.swift in Sources */ = {isa = PBXBuildFile; fileRef = 544E35281DB9D0DF00EDCBA3 /* LinkedProduct.swift */; };
		544E352B1DB9D9AD00EDCBA3 /* Cart.swift in Sources */ = {isa = PBXBuildFile; fileRef = 544E352A1DB9D9AD00EDCBA3 /* Cart.swift */; };
		544E352D1DB9DA2B00EDCBA3 /* Price.swift in Sources */ = {isa = PBXBuildFile; fileRef = 544E352C1DB9DA2B00EDCBA3 /* Price.swift */; };
		544E352F1DB9DE5800EDCBA3 /* Item.swift in Sources */ = {isa = PBXBuildFile; fileRef = 544E352E1DB9DE5800EDCBA3 /* Item.swift */; };
		544E35321DB9E51000EDCBA3 /* Transaction.swift in Sources */ = {isa = PBXBuildFile; fileRef = 544E35311DB9E51000EDCBA3 /* Transaction.swift */; };
		544E35341DB9E56900EDCBA3 /* TransactionProfile.swift in Sources */ = {isa = PBXBuildFile; fileRef = 544E35331DB9E56900EDCBA3 /* TransactionProfile.swift */; };
		544E35361DB9E60700EDCBA3 /* ProfileInfo.swift in Sources */ = {isa = PBXBuildFile; fileRef = 544E35351DB9E60700EDCBA3 /* ProfileInfo.swift */; };
		544E35381DB9E88000EDCBA3 /* Address.swift in Sources */ = {isa = PBXBuildFile; fileRef = 544E35371DB9E88000EDCBA3 /* Address.swift */; };
		544E353B1DB9EDF800EDCBA3 /* Event.swift in Sources */ = {isa = PBXBuildFile; fileRef = 544E353A1DB9EDF800EDCBA3 /* Event.swift */; };
		544E353D1DB9EF5C00EDCBA3 /* EventInfo.swift in Sources */ = {isa = PBXBuildFile; fileRef = 544E353C1DB9EF5C00EDCBA3 /* EventInfo.swift */; };
		544E353F1DBA00C300EDCBA3 /* Component.swift in Sources */ = {isa = PBXBuildFile; fileRef = 544E353E1DBA00C300EDCBA3 /* Component.swift */; };
		544E35411DBA00FC00EDCBA3 /* ComponentInfo.swift in Sources */ = {isa = PBXBuildFile; fileRef = 544E35401DBA00FC00EDCBA3 /* ComponentInfo.swift */; };
		544E35431DBA068E00EDCBA3 /* User.swift in Sources */ = {isa = PBXBuildFile; fileRef = 544E35421DBA068E00EDCBA3 /* User.swift */; };
		544E35451DBA06D100EDCBA3 /* Segment.swift in Sources */ = {isa = PBXBuildFile; fileRef = 544E35441DBA06D100EDCBA3 /* Segment.swift */; };
		544E35471DBA079600EDCBA3 /* UserProfile.swift in Sources */ = {isa = PBXBuildFile; fileRef = 544E35461DBA079600EDCBA3 /* UserProfile.swift */; };
		544E35491DBA080400EDCBA3 /* Socail.swift in Sources */ = {isa = PBXBuildFile; fileRef = 544E35481DBA080400EDCBA3 /* Socail.swift */; };
		544E354E1DBA0C6A00EDCBA3 /* Privacy.swift in Sources */ = {isa = PBXBuildFile; fileRef = 544E354D1DBA0C6A00EDCBA3 /* Privacy.swift */; };
		544E35501DBA0CBF00EDCBA3 /* AccessCategory.swift in Sources */ = {isa = PBXBuildFile; fileRef = 544E354F1DBA0CBF00EDCBA3 /* AccessCategory.swift */; };
		544E35531DBA167200EDCBA3 /* CustomObject.swift in Sources */ = {isa = PBXBuildFile; fileRef = 544E35521DBA167200EDCBA3 /* CustomObject.swift */; };
		548E61C61DC086BB00B431EE /* airline-example.json in Resources */ = {isa = PBXBuildFile; fileRef = 548E61C11DC086BB00B431EE /* airline-example.json */; };
		548E61C71DC086BB00B431EE /* example1.json in Resources */ = {isa = PBXBuildFile; fileRef = 548E61C21DC086BB00B431EE /* example1.json */; };
		548E61C81DC086BB00B431EE /* example2.json in Resources */ = {isa = PBXBuildFile; fileRef = 548E61C31DC086BB00B431EE /* example2.json */; };
		548E61C91DC086BB00B431EE /* healthcare-example.json in Resources */ = {isa = PBXBuildFile; fileRef = 548E61C41DC086BB00B431EE /* healthcare-example.json */; };
		548E61CA1DC086BB00B431EE /* privacyandsecurity-example.json in Resources */ = {isa = PBXBuildFile; fileRef = 548E61C51DC086BB00B431EE /* privacyandsecurity-example.json */; };
		548E61CC1DC086C700B431EE /* Airline.swift in Sources */ = {isa = PBXBuildFile; fileRef = 548E61CB1DC086C700B431EE /* Airline.swift */; };
		548E61CF1DC086D800B431EE /* Example1.swift in Sources */ = {isa = PBXBuildFile; fileRef = 548E61CD1DC086D800B431EE /* Example1.swift */; };
		548E61D01DC086D800B431EE /* Example2.swift in Sources */ = {isa = PBXBuildFile; fileRef = 548E61CE1DC086D800B431EE /* Example2.swift */; };
		548E61D31DC086E800B431EE /* HealthCareDigitalData.swift in Sources */ = {isa = PBXBuildFile; fileRef = 548E61D11DC086E800B431EE /* HealthCareDigitalData.swift */; };
		548E61D41DC086E800B431EE /* HealthCareInsuranceExample.swift in Sources */ = {isa = PBXBuildFile; fileRef = 548E61D21DC086E800B431EE /* HealthCareInsuranceExample.swift */; };
		548E61D61DC086F300B431EE /* PrivacyAndSecurityExample.swift in Sources */ = {isa = PBXBuildFile; fileRef = 548E61D51DC086F300B431EE /* PrivacyAndSecurityExample.swift */; };
		54946A581DB87D84005B1B4C /* ceddl4swift.framework in Frameworks */ = {isa = PBXBuildFile; fileRef = 54946A4E1DB87D83005B1B4C /* ceddl4swift.framework */; };
		54946A5D1DB87D84005B1B4C /* ceddl4swiftTests.swift in Sources */ = {isa = PBXBuildFile; fileRef = 54946A5C1DB87D84005B1B4C /* ceddl4swiftTests.swift */; };
		54946A5F1DB87D84005B1B4C /* ceddl4swift.h in Headers */ = {isa = PBXBuildFile; fileRef = 54946A511DB87D83005B1B4C /* ceddl4swift.h */; settings = {ATTRIBUTES = (Public, ); }; };
		54CB7ADB1DBE3A680001222C /* XCTest.framework in Frameworks */ = {isa = PBXBuildFile; fileRef = 54CB7ADA1DBE3A680001222C /* XCTest.framework */; };
		54F350BD1DBC5CDA00BB6D1B /* Utility.swift in Sources */ = {isa = PBXBuildFile; fileRef = 54F456A91DBBEBD1002D23A5 /* Utility.swift */; };
		54F350BF1DBC692800BB6D1B /* ComponentTest.swift in Sources */ = {isa = PBXBuildFile; fileRef = 54F350BE1DBC692800BB6D1B /* ComponentTest.swift */; };
		54F350C11DBC6A5A00BB6D1B /* DigitalDataTest.swift in Sources */ = {isa = PBXBuildFile; fileRef = 54F350C01DBC6A5A00BB6D1B /* DigitalDataTest.swift */; };
		54F456701DBBAB5E002D23A5 /* JSONProtocol.swift in Sources */ = {isa = PBXBuildFile; fileRef = 54F4566F1DBBAB5E002D23A5 /* JSONProtocol.swift */; };
		54F4569E1DBBE7D3002D23A5 /* CartTest.swift in Sources */ = {isa = PBXBuildFile; fileRef = 54F4569B1DBBD0D9002D23A5 /* CartTest.swift */; };
		54F4569F1DBBE7DC002D23A5 /* userTest.json in Resources */ = {isa = PBXBuildFile; fileRef = 54F456901DBBD0A7002D23A5 /* userTest.json */; };
		54F456A01DBBE7DF002D23A5 /* transactionTest.json in Resources */ = {isa = PBXBuildFile; fileRef = 54F4568F1DBBD0A7002D23A5 /* transactionTest.json */; };
		54F456A11DBBE7E3002D23A5 /* settersTest.json in Resources */ = {isa = PBXBuildFile; fileRef = 54F4568E1DBBD0A7002D23A5 /* settersTest.json */; };
		54F456A21DBBE7E5002D23A5 /* securityTest.json in Resources */ = {isa = PBXBuildFile; fileRef = 54F4568D1DBBD0A7002D23A5 /* securityTest.json */; };
		54F456A31DBBE7E9002D23A5 /* productTest.json in Resources */ = {isa = PBXBuildFile; fileRef = 54F4568C1DBBD0A7002D23A5 /* productTest.json */; };
		54F456A41DBBE7EC002D23A5 /* privacyTest.json in Resources */ = {isa = PBXBuildFile; fileRef = 54F4568B1DBBD0A7002D23A5 /* privacyTest.json */; };
		54F456A51DBBE7EF002D23A5 /* pageTest.json in Resources */ = {isa = PBXBuildFile; fileRef = 54F4568A1DBBD0A7002D23A5 /* pageTest.json */; };
		54F456A61DBBE7F2002D23A5 /* eventTest.json in Resources */ = {isa = PBXBuildFile; fileRef = 54F456891DBBD0A7002D23A5 /* eventTest.json */; };
		54F456A71DBBE7F5002D23A5 /* componentTest.json in Resources */ = {isa = PBXBuildFile; fileRef = 54F456881DBBD0A7002D23A5 /* componentTest.json */; };
		54F456A81DBBE7F7002D23A5 /* cartTest.json in Resources */ = {isa = PBXBuildFile; fileRef = 54F456871DBBD0A7002D23A5 /* cartTest.json */; };
		54F456AA1DBBEBD1002D23A5 /* Utility.swift in Sources */ = {isa = PBXBuildFile; fileRef = 54F456A91DBBEBD1002D23A5 /* Utility.swift */; };
/* End PBXBuildFile section */

/* Begin PBXContainerItemProxy section */
		54946A591DB87D84005B1B4C /* PBXContainerItemProxy */ = {
			isa = PBXContainerItemProxy;
			containerPortal = 54946A451DB87D83005B1B4C /* Project object */;
			proxyType = 1;
			remoteGlobalIDString = 54946A4D1DB87D83005B1B4C;
			remoteInfo = ceddl4swift;
		};
/* End PBXContainerItemProxy section */

/* Begin PBXFileReference section */
		541178351DB8E25E00844743 /* Product.swift */ = {isa = PBXFileReference; fileEncoding = 4; lastKnownFileType = sourcecode.swift; lineEnding = 0; path = Product.swift; sourceTree = "<group>"; xcLanguageSpecificationIdentifier = xcode.lang.swift; };
		541178371DB8E29F00844743 /* ProductInfo.swift */ = {isa = PBXFileReference; fileEncoding = 4; lastKnownFileType = sourcecode.swift; path = ProductInfo.swift; sourceTree = "<group>"; };
		541910501DBC716F00A16B02 /* EventTest.swift */ = {isa = PBXFileReference; fileEncoding = 4; lastKnownFileType = sourcecode.swift; path = EventTest.swift; sourceTree = "<group>"; };
		541910521DBC7E3500A16B02 /* PageTest.swift */ = {isa = PBXFileReference; fileEncoding = 4; lastKnownFileType = sourcecode.swift; path = PageTest.swift; sourceTree = "<group>"; };
		541910541DBCCD3800A16B02 /* PrivacyTest.swift */ = {isa = PBXFileReference; fileEncoding = 4; lastKnownFileType = sourcecode.swift; path = PrivacyTest.swift; sourceTree = "<group>"; };
		541910571DBCCDDC00A16B02 /* ProductTest.swift */ = {isa = PBXFileReference; fileEncoding = 4; lastKnownFileType = sourcecode.swift; path = ProductTest.swift; sourceTree = "<group>"; };
		541910591DBCCFF800A16B02 /* SecurityTest.swift */ = {isa = PBXFileReference; fileEncoding = 4; lastKnownFileType = sourcecode.swift; path = SecurityTest.swift; sourceTree = "<group>"; };
		5419105D1DBCDD5C00A16B02 /* TransactionTest.swift */ = {isa = PBXFileReference; fileEncoding = 4; lastKnownFileType = sourcecode.swift; path = TransactionTest.swift; sourceTree = "<group>"; };
		5419105F1DBCDEAF00A16B02 /* UserTest.swift */ = {isa = PBXFileReference; fileEncoding = 4; lastKnownFileType = sourcecode.swift; path = UserTest.swift; sourceTree = "<group>"; };
		542FC3D01DB8BDEF00EB5F55 /* BaseItem.swift */ = {isa = PBXFileReference; fileEncoding = 4; lastKnownFileType = sourcecode.swift; path = BaseItem.swift; sourceTree = "<group>"; };
		542FC3D21DB8C6DA00EB5F55 /* Security.swift */ = {isa = PBXFileReference; fileEncoding = 4; lastKnownFileType = sourcecode.swift; path = Security.swift; sourceTree = "<group>"; };
		542FC3D41DB8CD9D00EB5F55 /* Error.swift */ = {isa = PBXFileReference; fileEncoding = 4; lastKnownFileType = sourcecode.swift; path = Error.swift; sourceTree = "<group>"; };
		542FC3D61DB8CF4F00EB5F55 /* DigitalData.swift */ = {isa = PBXFileReference; fileEncoding = 4; lastKnownFileType = sourcecode.swift; path = DigitalData.swift; sourceTree = "<group>"; };
		542FC3D91DB8D0FE00EB5F55 /* Page.swift */ = {isa = PBXFileReference; fileEncoding = 4; lastKnownFileType = sourcecode.swift; lineEnding = 0; path = Page.swift; sourceTree = "<group>"; xcLanguageSpecificationIdentifier = xcode.lang.swift; };
		542FC3DB1DB8D13000EB5F55 /* PageInfo.swift */ = {isa = PBXFileReference; fileEncoding = 4; lastKnownFileType = sourcecode.swift; path = PageInfo.swift; sourceTree = "<group>"; };
		542FC3DD1DB8D97F00EB5F55 /* Category.swift */ = {isa = PBXFileReference; fileEncoding = 4; lastKnownFileType = sourcecode.swift; path = Category.swift; sourceTree = "<group>"; };
		542FC3DF1DB8DBBB00EB5F55 /* Attributes.swift */ = {isa = PBXFileReference; fileEncoding = 4; lastKnownFileType = sourcecode.swift; path = Attributes.swift; sourceTree = "<group>"; };
		544E35281DB9D0DF00EDCBA3 /* LinkedProduct.swift */ = {isa = PBXFileReference; fileEncoding = 4; lastKnownFileType = sourcecode.swift; path = LinkedProduct.swift; sourceTree = "<group>"; };
		544E352A1DB9D9AD00EDCBA3 /* Cart.swift */ = {isa = PBXFileReference; fileEncoding = 4; lastKnownFileType = sourcecode.swift; path = Cart.swift; sourceTree = "<group>"; };
		544E352C1DB9DA2B00EDCBA3 /* Price.swift */ = {isa = PBXFileReference; fileEncoding = 4; lastKnownFileType = sourcecode.swift; path = Price.swift; sourceTree = "<group>"; };
		544E352E1DB9DE5800EDCBA3 /* Item.swift */ = {isa = PBXFileReference; fileEncoding = 4; lastKnownFileType = sourcecode.swift; lineEnding = 0; path = Item.swift; sourceTree = "<group>"; xcLanguageSpecificationIdentifier = xcode.lang.swift; };
		544E35311DB9E51000EDCBA3 /* Transaction.swift */ = {isa = PBXFileReference; fileEncoding = 4; lastKnownFileType = sourcecode.swift; lineEnding = 0; path = Transaction.swift; sourceTree = "<group>"; xcLanguageSpecificationIdentifier = xcode.lang.swift; };
		544E35331DB9E56900EDCBA3 /* TransactionProfile.swift */ = {isa = PBXFileReference; fileEncoding = 4; lastKnownFileType = sourcecode.swift; path = TransactionProfile.swift; sourceTree = "<group>"; };
		544E35351DB9E60700EDCBA3 /* ProfileInfo.swift */ = {isa = PBXFileReference; fileEncoding = 4; lastKnownFileType = sourcecode.swift; path = ProfileInfo.swift; sourceTree = "<group>"; };
		544E35371DB9E88000EDCBA3 /* Address.swift */ = {isa = PBXFileReference; fileEncoding = 4; lastKnownFileType = sourcecode.swift; path = Address.swift; sourceTree = "<group>"; };
		544E353A1DB9EDF800EDCBA3 /* Event.swift */ = {isa = PBXFileReference; fileEncoding = 4; lastKnownFileType = sourcecode.swift; lineEnding = 0; path = Event.swift; sourceTree = "<group>"; xcLanguageSpecificationIdentifier = xcode.lang.swift; };
		544E353C1DB9EF5C00EDCBA3 /* EventInfo.swift */ = {isa = PBXFileReference; fileEncoding = 4; lastKnownFileType = sourcecode.swift; path = EventInfo.swift; sourceTree = "<group>"; };
		544E353E1DBA00C300EDCBA3 /* Component.swift */ = {isa = PBXFileReference; fileEncoding = 4; lastKnownFileType = sourcecode.swift; lineEnding = 0; path = Component.swift; sourceTree = "<group>"; xcLanguageSpecificationIdentifier = xcode.lang.swift; };
		544E35401DBA00FC00EDCBA3 /* ComponentInfo.swift */ = {isa = PBXFileReference; fileEncoding = 4; lastKnownFileType = sourcecode.swift; path = ComponentInfo.swift; sourceTree = "<group>"; };
		544E35421DBA068E00EDCBA3 /* User.swift */ = {isa = PBXFileReference; fileEncoding = 4; lastKnownFileType = sourcecode.swift; lineEnding = 0; path = User.swift; sourceTree = "<group>"; xcLanguageSpecificationIdentifier = xcode.lang.swift; };
		544E35441DBA06D100EDCBA3 /* Segment.swift */ = {isa = PBXFileReference; fileEncoding = 4; lastKnownFileType = sourcecode.swift; path = Segment.swift; sourceTree = "<group>"; };
		544E35461DBA079600EDCBA3 /* UserProfile.swift */ = {isa = PBXFileReference; fileEncoding = 4; lastKnownFileType = sourcecode.swift; lineEnding = 0; path = UserProfile.swift; sourceTree = "<group>"; xcLanguageSpecificationIdentifier = xcode.lang.swift; };
		544E35481DBA080400EDCBA3 /* Socail.swift */ = {isa = PBXFileReference; fileEncoding = 4; lastKnownFileType = sourcecode.swift; path = Socail.swift; sourceTree = "<group>"; };
		544E354D1DBA0C6A00EDCBA3 /* Privacy.swift */ = {isa = PBXFileReference; fileEncoding = 4; lastKnownFileType = sourcecode.swift; lineEnding = 0; path = Privacy.swift; sourceTree = "<group>"; xcLanguageSpecificationIdentifier = xcode.lang.swift; };
		544E354F1DBA0CBF00EDCBA3 /* AccessCategory.swift */ = {isa = PBXFileReference; fileEncoding = 4; lastKnownFileType = sourcecode.swift; path = AccessCategory.swift; sourceTree = "<group>"; };
		544E35521DBA167200EDCBA3 /* CustomObject.swift */ = {isa = PBXFileReference; fileEncoding = 4; lastKnownFileType = sourcecode.swift; path = CustomObject.swift; sourceTree = "<group>"; };
		548E61C11DC086BB00B431EE /* airline-example.json */ = {isa = PBXFileReference; fileEncoding = 4; lastKnownFileType = text.json; name = "airline-example.json"; path = "Example/Resource/airline-example.json"; sourceTree = "<group>"; };
		548E61C21DC086BB00B431EE /* example1.json */ = {isa = PBXFileReference; fileEncoding = 4; lastKnownFileType = text.json; name = example1.json; path = Example/Resource/example1.json; sourceTree = "<group>"; };
		548E61C31DC086BB00B431EE /* example2.json */ = {isa = PBXFileReference; fileEncoding = 4; lastKnownFileType = text.json; name = example2.json; path = Example/Resource/example2.json; sourceTree = "<group>"; };
		548E61C41DC086BB00B431EE /* healthcare-example.json */ = {isa = PBXFileReference; fileEncoding = 4; lastKnownFileType = text.json; name = "healthcare-example.json"; path = "Example/Resource/healthcare-example.json"; sourceTree = "<group>"; };
		548E61C51DC086BB00B431EE /* privacyandsecurity-example.json */ = {isa = PBXFileReference; fileEncoding = 4; lastKnownFileType = text.json; name = "privacyandsecurity-example.json"; path = "Example/Resource/privacyandsecurity-example.json"; sourceTree = "<group>"; };
		548E61CB1DC086C700B431EE /* Airline.swift */ = {isa = PBXFileReference; fileEncoding = 4; lastKnownFileType = sourcecode.swift; name = Airline.swift; path = Example/Airline.swift; sourceTree = "<group>"; };
		548E61CD1DC086D800B431EE /* Example1.swift */ = {isa = PBXFileReference; fileEncoding = 4; lastKnownFileType = sourcecode.swift; name = Example1.swift; path = Example/Example1.swift; sourceTree = "<group>"; };
		548E61CE1DC086D800B431EE /* Example2.swift */ = {isa = PBXFileReference; fileEncoding = 4; lastKnownFileType = sourcecode.swift; name = Example2.swift; path = Example/Example2.swift; sourceTree = "<group>"; };
		548E61D11DC086E800B431EE /* HealthCareDigitalData.swift */ = {isa = PBXFileReference; fileEncoding = 4; lastKnownFileType = sourcecode.swift; name = HealthCareDigitalData.swift; path = Example/HealthCareDigitalData.swift; sourceTree = "<group>"; };
		548E61D21DC086E800B431EE /* HealthCareInsuranceExample.swift */ = {isa = PBXFileReference; fileEncoding = 4; lastKnownFileType = sourcecode.swift; name = HealthCareInsuranceExample.swift; path = Example/HealthCareInsuranceExample.swift; sourceTree = "<group>"; };
		548E61D51DC086F300B431EE /* PrivacyAndSecurityExample.swift */ = {isa = PBXFileReference; fileEncoding = 4; lastKnownFileType = sourcecode.swift; name = PrivacyAndSecurityExample.swift; path = Example/PrivacyAndSecurityExample.swift; sourceTree = "<group>"; };
		54946A4E1DB87D83005B1B4C /* ceddl4swift.framework */ = {isa = PBXFileReference; explicitFileType = wrapper.framework; includeInIndex = 0; path = ceddl4swift.framework; sourceTree = BUILT_PRODUCTS_DIR; };
		54946A511DB87D83005B1B4C /* ceddl4swift.h */ = {isa = PBXFileReference; lastKnownFileType = sourcecode.c.h; path = ceddl4swift.h; sourceTree = "<group>"; };
		54946A521DB87D83005B1B4C /* Info.plist */ = {isa = PBXFileReference; lastKnownFileType = text.plist.xml; path = Info.plist; sourceTree = "<group>"; };
		54946A571DB87D84005B1B4C /* ceddl4swiftTests.xctest */ = {isa = PBXFileReference; explicitFileType = wrapper.cfbundle; includeInIndex = 0; path = ceddl4swiftTests.xctest; sourceTree = BUILT_PRODUCTS_DIR; };
		54946A5C1DB87D84005B1B4C /* ceddl4swiftTests.swift */ = {isa = PBXFileReference; lastKnownFileType = sourcecode.swift; path = ceddl4swiftTests.swift; sourceTree = "<group>"; };
		54946A5E1DB87D84005B1B4C /* Info.plist */ = {isa = PBXFileReference; lastKnownFileType = text.plist.xml; path = Info.plist; sourceTree = "<group>"; };
		54CB7ADA1DBE3A680001222C /* XCTest.framework */ = {isa = PBXFileReference; lastKnownFileType = wrapper.framework; name = XCTest.framework; path = Platforms/iPhoneOS.platform/Developer/Library/Frameworks/XCTest.framework; sourceTree = DEVELOPER_DIR; };
		54F350BE1DBC692800BB6D1B /* ComponentTest.swift */ = {isa = PBXFileReference; fileEncoding = 4; lastKnownFileType = sourcecode.swift; path = ComponentTest.swift; sourceTree = "<group>"; };
		54F350C01DBC6A5A00BB6D1B /* DigitalDataTest.swift */ = {isa = PBXFileReference; fileEncoding = 4; lastKnownFileType = sourcecode.swift; path = DigitalDataTest.swift; sourceTree = "<group>"; };
		54F4566F1DBBAB5E002D23A5 /* JSONProtocol.swift */ = {isa = PBXFileReference; fileEncoding = 4; lastKnownFileType = sourcecode.swift; path = JSONProtocol.swift; sourceTree = "<group>"; };
		54F456871DBBD0A7002D23A5 /* cartTest.json */ = {isa = PBXFileReference; fileEncoding = 4; lastKnownFileType = text.json; name = cartTest.json; path = ceddl4swiftTests/Resource/cartTest.json; sourceTree = "<group>"; };
		54F456881DBBD0A7002D23A5 /* componentTest.json */ = {isa = PBXFileReference; fileEncoding = 4; lastKnownFileType = text.json; name = componentTest.json; path = ceddl4swiftTests/Resource/componentTest.json; sourceTree = "<group>"; };
		54F456891DBBD0A7002D23A5 /* eventTest.json */ = {isa = PBXFileReference; fileEncoding = 4; lastKnownFileType = text.json; name = eventTest.json; path = ceddl4swiftTests/Resource/eventTest.json; sourceTree = "<group>"; };
		54F4568A1DBBD0A7002D23A5 /* pageTest.json */ = {isa = PBXFileReference; fileEncoding = 4; lastKnownFileType = text.json; name = pageTest.json; path = ceddl4swiftTests/Resource/pageTest.json; sourceTree = "<group>"; };
		54F4568B1DBBD0A7002D23A5 /* privacyTest.json */ = {isa = PBXFileReference; fileEncoding = 4; lastKnownFileType = text.json; name = privacyTest.json; path = ceddl4swiftTests/Resource/privacyTest.json; sourceTree = "<group>"; };
		54F4568C1DBBD0A7002D23A5 /* productTest.json */ = {isa = PBXFileReference; fileEncoding = 4; lastKnownFileType = text.json; name = productTest.json; path = ceddl4swiftTests/Resource/productTest.json; sourceTree = "<group>"; };
		54F4568D1DBBD0A7002D23A5 /* securityTest.json */ = {isa = PBXFileReference; fileEncoding = 4; lastKnownFileType = text.json; name = securityTest.json; path = ceddl4swiftTests/Resource/securityTest.json; sourceTree = "<group>"; };
		54F4568E1DBBD0A7002D23A5 /* settersTest.json */ = {isa = PBXFileReference; fileEncoding = 4; lastKnownFileType = text.json; name = settersTest.json; path = ceddl4swiftTests/Resource/settersTest.json; sourceTree = "<group>"; };
		54F4568F1DBBD0A7002D23A5 /* transactionTest.json */ = {isa = PBXFileReference; fileEncoding = 4; lastKnownFileType = text.json; name = transactionTest.json; path = ceddl4swiftTests/Resource/transactionTest.json; sourceTree = "<group>"; };
		54F456901DBBD0A7002D23A5 /* userTest.json */ = {isa = PBXFileReference; fileEncoding = 4; lastKnownFileType = text.json; name = userTest.json; path = ceddl4swiftTests/Resource/userTest.json; sourceTree = "<group>"; };
		54F4569B1DBBD0D9002D23A5 /* CartTest.swift */ = {isa = PBXFileReference; fileEncoding = 4; lastKnownFileType = sourcecode.swift; path = CartTest.swift; sourceTree = "<group>"; };
		54F456A91DBBEBD1002D23A5 /* Utility.swift */ = {isa = PBXFileReference; fileEncoding = 4; lastKnownFileType = sourcecode.swift; path = Utility.swift; sourceTree = "<group>"; };
/* End PBXFileReference section */

/* Begin PBXFrameworksBuildPhase section */
		54946A4A1DB87D83005B1B4C /* Frameworks */ = {
			isa = PBXFrameworksBuildPhase;
			buildActionMask = 2147483647;
			files = (
			);
			runOnlyForDeploymentPostprocessing = 0;
		};
		54946A541DB87D84005B1B4C /* Frameworks */ = {
			isa = PBXFrameworksBuildPhase;
			buildActionMask = 2147483647;
			files = (
				54CB7ADB1DBE3A680001222C /* XCTest.framework in Frameworks */,
				54946A581DB87D84005B1B4C /* ceddl4swift.framework in Frameworks */,
			);
			runOnlyForDeploymentPostprocessing = 0;
		};
/* End PBXFrameworksBuildPhase section */

/* Begin PBXGroup section */
		541178341DB8DD9000844743 /* Shared */ = {
			isa = PBXGroup;
			children = (
				544E35371DB9E88000EDCBA3 /* Address.swift */,
				542FC3DF1DB8DBBB00EB5F55 /* Attributes.swift */,
				542FC3DD1DB8D97F00EB5F55 /* Category.swift */,
				544E352E1DB9DE5800EDCBA3 /* Item.swift */,
				544E35281DB9D0DF00EDCBA3 /* LinkedProduct.swift */,
				544E352C1DB9DA2B00EDCBA3 /* Price.swift */,
				541178371DB8E29F00844743 /* ProductInfo.swift */,
				544E35351DB9E60700EDCBA3 /* ProfileInfo.swift */,
			);
			name = Shared;
			sourceTree = "<group>";
		};
		541910631DBCE2E400A16B02 /* Examples */ = {
			isa = PBXGroup;
			children = (
				541910721DBCF0D800A16B02 /* Resources */,
				541910751DBCF1D600A16B02 /* Airline */,
				541910761DBCF1E000A16B02 /* Basic */,
				541910791DBCF2DF00A16B02 /* HealthCare */,
				5419107F1DBCF91100A16B02 /* PrivacySecurity */,
			);
			name = Examples;
			sourceTree = "<group>";
		};
		541910721DBCF0D800A16B02 /* Resources */ = {
			isa = PBXGroup;
			children = (
				548E61C11DC086BB00B431EE /* airline-example.json */,
				548E61C21DC086BB00B431EE /* example1.json */,
				548E61C31DC086BB00B431EE /* example2.json */,
				548E61C41DC086BB00B431EE /* healthcare-example.json */,
				548E61C51DC086BB00B431EE /* privacyandsecurity-example.json */,
			);
			name = Resources;
			sourceTree = "<group>";
		};
		541910751DBCF1D600A16B02 /* Airline */ = {
			isa = PBXGroup;
			children = (
				548E61CB1DC086C700B431EE /* Airline.swift */,
			);
			name = Airline;
			sourceTree = "<group>";
		};
		541910761DBCF1E000A16B02 /* Basic */ = {
			isa = PBXGroup;
			children = (
				548E61CD1DC086D800B431EE /* Example1.swift */,
				548E61CE1DC086D800B431EE /* Example2.swift */,
			);
			name = Basic;
			sourceTree = "<group>";
		};
		541910791DBCF2DF00A16B02 /* HealthCare */ = {
			isa = PBXGroup;
			children = (
				548E61D11DC086E800B431EE /* HealthCareDigitalData.swift */,
				548E61D21DC086E800B431EE /* HealthCareInsuranceExample.swift */,
			);
			name = HealthCare;
			sourceTree = "<group>";
		};
		5419107F1DBCF91100A16B02 /* PrivacySecurity */ = {
			isa = PBXGroup;
			children = (
				548E61D51DC086F300B431EE /* PrivacyAndSecurityExample.swift */,
			);
			name = PrivacySecurity;
			sourceTree = "<group>";
		};
		542FC3D81DB8D0C000EB5F55 /* Internal */ = {
			isa = PBXGroup;
			children = (
				542FC3D01DB8BDEF00EB5F55 /* BaseItem.swift */,
				542FC3D41DB8CD9D00EB5F55 /* Error.swift */,
				542FC3D21DB8C6DA00EB5F55 /* Security.swift */,
			);
			name = Internal;
			sourceTree = "<group>";
		};
		542FC3E11DB8DBCB00EB5F55 /* Page */ = {
			isa = PBXGroup;
			children = (
				542FC3D91DB8D0FE00EB5F55 /* Page.swift */,
				542FC3DB1DB8D13000EB5F55 /* PageInfo.swift */,
			);
			name = Page;
			sourceTree = "<group>";
		};
		544E35271DB9D07F00EDCBA3 /* Product */ = {
			isa = PBXGroup;
			children = (
				541178351DB8E25E00844743 /* Product.swift */,
			);
			name = Product;
			sourceTree = "<group>";
		};
		544E35301DB9E4E600EDCBA3 /* Cart */ = {
			isa = PBXGroup;
			children = (
				544E352A1DB9D9AD00EDCBA3 /* Cart.swift */,
			);
			name = Cart;
			sourceTree = "<group>";
		};
		544E35391DB9EDCF00EDCBA3 /* Transaction */ = {
			isa = PBXGroup;
			children = (
				544E35311DB9E51000EDCBA3 /* Transaction.swift */,
				544E35331DB9E56900EDCBA3 /* TransactionProfile.swift */,
			);
			name = Transaction;
			sourceTree = "<group>";
		};
		544E354A1DBA0C1800EDCBA3 /* User */ = {
			isa = PBXGroup;
			children = (
				544E35441DBA06D100EDCBA3 /* Segment.swift */,
				544E35481DBA080400EDCBA3 /* Socail.swift */,
				544E35421DBA068E00EDCBA3 /* User.swift */,
				544E35461DBA079600EDCBA3 /* UserProfile.swift */,
			);
			name = User;
			sourceTree = "<group>";
		};
		544E354B1DBA0C2500EDCBA3 /* Event */ = {
			isa = PBXGroup;
			children = (
				544E353A1DB9EDF800EDCBA3 /* Event.swift */,
				544E353C1DB9EF5C00EDCBA3 /* EventInfo.swift */,
			);
			name = Event;
			sourceTree = "<group>";
		};
		544E354C1DBA0C3B00EDCBA3 /* Component */ = {
			isa = PBXGroup;
			children = (
				544E353E1DBA00C300EDCBA3 /* Component.swift */,
				544E35401DBA00FC00EDCBA3 /* ComponentInfo.swift */,
			);
			name = Component;
			sourceTree = "<group>";
		};
		544E35511DBA0EA200EDCBA3 /* Privacy */ = {
			isa = PBXGroup;
			children = (
				544E354F1DBA0CBF00EDCBA3 /* AccessCategory.swift */,
				544E354D1DBA0C6A00EDCBA3 /* Privacy.swift */,
			);
			name = Privacy;
			sourceTree = "<group>";
		};
		54946A441DB87D83005B1B4C = {
			isa = PBXGroup;
			children = (
				541910631DBCE2E400A16B02 /* Examples */,
				54946A501DB87D83005B1B4C /* ceddl4swift */,
				54946A5B1DB87D84005B1B4C /* ceddl4swiftTests */,
				54946A4F1DB87D83005B1B4C /* Products */,
				54CB7AD91DBE3A670001222C /* Frameworks */,
			);
			sourceTree = "<group>";
		};
		54946A4F1DB87D83005B1B4C /* Products */ = {
			isa = PBXGroup;
			children = (
				54946A4E1DB87D83005B1B4C /* ceddl4swift.framework */,
				54946A571DB87D84005B1B4C /* ceddl4swiftTests.xctest */,
			);
			name = Products;
			sourceTree = "<group>";
		};
		54946A501DB87D83005B1B4C /* ceddl4swift */ = {
			isa = PBXGroup;
			children = (
				54946A511DB87D83005B1B4C /* ceddl4swift.h */,
				54946A521DB87D83005B1B4C /* Info.plist */,
				544E35301DB9E4E600EDCBA3 /* Cart */,
				544E354C1DBA0C3B00EDCBA3 /* Component */,
				544E354B1DBA0C2500EDCBA3 /* Event */,
				542FC3D81DB8D0C000EB5F55 /* Internal */,
				542FC3E11DB8DBCB00EB5F55 /* Page */,
				544E35511DBA0EA200EDCBA3 /* Privacy */,
				544E35271DB9D07F00EDCBA3 /* Product */,
				541178341DB8DD9000844743 /* Shared */,
				544E35391DB9EDCF00EDCBA3 /* Transaction */,
				544E354A1DBA0C1800EDCBA3 /* User */,
				542FC3D61DB8CF4F00EB5F55 /* DigitalData.swift */,
				544E35521DBA167200EDCBA3 /* CustomObject.swift */,
				54F4566F1DBBAB5E002D23A5 /* JSONProtocol.swift */,
				54F456A91DBBEBD1002D23A5 /* Utility.swift */,
			);
			path = ceddl4swift;
			sourceTree = "<group>";
		};
		54946A5B1DB87D84005B1B4C /* ceddl4swiftTests */ = {
			isa = PBXGroup;
			children = (
				54F456851DBBD039002D23A5 /* Resource */,
				54946A5C1DB87D84005B1B4C /* ceddl4swiftTests.swift */,
				54F4569B1DBBD0D9002D23A5 /* CartTest.swift */,
				54F350BE1DBC692800BB6D1B /* ComponentTest.swift */,
				54F350C01DBC6A5A00BB6D1B /* DigitalDataTest.swift */,
				541910501DBC716F00A16B02 /* EventTest.swift */,
				541910521DBC7E3500A16B02 /* PageTest.swift */,
				541910541DBCCD3800A16B02 /* PrivacyTest.swift */,
				541910571DBCCDDC00A16B02 /* ProductTest.swift */,
				541910591DBCCFF800A16B02 /* SecurityTest.swift */,
				5419105D1DBCDD5C00A16B02 /* TransactionTest.swift */,
				5419105F1DBCDEAF00A16B02 /* UserTest.swift */,
				54946A5E1DB87D84005B1B4C /* Info.plist */,
			);
			path = ceddl4swiftTests;
			sourceTree = "<group>";
		};
		54CB7AD91DBE3A670001222C /* Frameworks */ = {
			isa = PBXGroup;
			children = (
				54CB7ADA1DBE3A680001222C /* XCTest.framework */,
			);
			name = Frameworks;
			sourceTree = "<group>";
		};
		54F456851DBBD039002D23A5 /* Resource */ = {
			isa = PBXGroup;
			children = (
				54F456871DBBD0A7002D23A5 /* cartTest.json */,
				54F456881DBBD0A7002D23A5 /* componentTest.json */,
				54F456891DBBD0A7002D23A5 /* eventTest.json */,
				54F4568A1DBBD0A7002D23A5 /* pageTest.json */,
				54F4568B1DBBD0A7002D23A5 /* privacyTest.json */,
				54F4568C1DBBD0A7002D23A5 /* productTest.json */,
				54F4568D1DBBD0A7002D23A5 /* securityTest.json */,
				54F4568E1DBBD0A7002D23A5 /* settersTest.json */,
				54F4568F1DBBD0A7002D23A5 /* transactionTest.json */,
				54F456901DBBD0A7002D23A5 /* userTest.json */,
			);
			name = Resource;
			path = ..;
			sourceTree = "<group>";
		};
/* End PBXGroup section */

/* Begin PBXHeadersBuildPhase section */
		54946A4B1DB87D83005B1B4C /* Headers */ = {
			isa = PBXHeadersBuildPhase;
			buildActionMask = 2147483647;
			files = (
				54946A5F1DB87D84005B1B4C /* ceddl4swift.h in Headers */,
			);
			runOnlyForDeploymentPostprocessing = 0;
		};
/* End PBXHeadersBuildPhase section */

/* Begin PBXNativeTarget section */
		54946A4D1DB87D83005B1B4C /* ceddl4swift */ = {
			isa = PBXNativeTarget;
			buildConfigurationList = 54946A621DB87D84005B1B4C /* Build configuration list for PBXNativeTarget "ceddl4swift" */;
			buildPhases = (
				54946A491DB87D83005B1B4C /* Sources */,
				54946A4A1DB87D83005B1B4C /* Frameworks */,
				54946A4B1DB87D83005B1B4C /* Headers */,
				54946A4C1DB87D83005B1B4C /* Resources */,
			);
			buildRules = (
			);
			dependencies = (
			);
			name = ceddl4swift;
			productName = ceddl4swift;
			productReference = 54946A4E1DB87D83005B1B4C /* ceddl4swift.framework */;
			productType = "com.apple.product-type.framework";
		};
		54946A561DB87D84005B1B4C /* ceddl4swiftTests */ = {
			isa = PBXNativeTarget;
			buildConfigurationList = 54946A651DB87D84005B1B4C /* Build configuration list for PBXNativeTarget "ceddl4swiftTests" */;
			buildPhases = (
				54946A531DB87D84005B1B4C /* Sources */,
				54946A541DB87D84005B1B4C /* Frameworks */,
				54946A551DB87D84005B1B4C /* Resources */,
			);
			buildRules = (
			);
			dependencies = (
				54946A5A1DB87D84005B1B4C /* PBXTargetDependency */,
			);
			name = ceddl4swiftTests;
			productName = ceddl4swiftTests;
			productReference = 54946A571DB87D84005B1B4C /* ceddl4swiftTests.xctest */;
			productType = "com.apple.product-type.bundle.unit-test";
		};
/* End PBXNativeTarget section */

/* Begin PBXProject section */
		54946A451DB87D83005B1B4C /* Project object */ = {
			isa = PBXProject;
			attributes = {
				LastSwiftUpdateCheck = 0800;
				LastUpgradeCheck = 0800;
				ORGANIZATIONNAME = "Sachin Vas";
				TargetAttributes = {
					54946A4D1DB87D83005B1B4C = {
						CreatedOnToolsVersion = 8.0;
						LastSwiftMigration = 0800;
						ProvisioningStyle = Automatic;
					};
					54946A561DB87D84005B1B4C = {
						CreatedOnToolsVersion = 8.0;
						ProvisioningStyle = Automatic;
					};
				};
			};
			buildConfigurationList = 54946A481DB87D83005B1B4C /* Build configuration list for PBXProject "ceddl4swift" */;
			compatibilityVersion = "Xcode 3.2";
			developmentRegion = English;
			hasScannedForEncodings = 0;
			knownRegions = (
				en,
			);
			mainGroup = 54946A441DB87D83005B1B4C;
			productRefGroup = 54946A4F1DB87D83005B1B4C /* Products */;
			projectDirPath = "";
			projectRoot = "";
			targets = (
				54946A4D1DB87D83005B1B4C /* ceddl4swift */,
				54946A561DB87D84005B1B4C /* ceddl4swiftTests */,
			);
		};
/* End PBXProject section */

/* Begin PBXResourcesBuildPhase section */
		54946A4C1DB87D83005B1B4C /* Resources */ = {
			isa = PBXResourcesBuildPhase;
			buildActionMask = 2147483647;
			files = (
				548E61C81DC086BB00B431EE /* example2.json in Resources */,
				548E61C91DC086BB00B431EE /* healthcare-example.json in Resources */,
				548E61C71DC086BB00B431EE /* example1.json in Resources */,
				548E61CA1DC086BB00B431EE /* privacyandsecurity-example.json in Resources */,
				548E61C61DC086BB00B431EE /* airline-example.json in Resources */,
			);
			runOnlyForDeploymentPostprocessing = 0;
		};
		54946A551DB87D84005B1B4C /* Resources */ = {
			isa = PBXResourcesBuildPhase;
			buildActionMask = 2147483647;
			files = (
				54F456A61DBBE7F2002D23A5 /* eventTest.json in Resources */,
				54F456A11DBBE7E3002D23A5 /* settersTest.json in Resources */,
				54F456A71DBBE7F5002D23A5 /* componentTest.json in Resources */,
				54F456A31DBBE7E9002D23A5 /* productTest.json in Resources */,
				54F456A51DBBE7EF002D23A5 /* pageTest.json in Resources */,
				54F456A41DBBE7EC002D23A5 /* privacyTest.json in Resources */,
				54F456A21DBBE7E5002D23A5 /* securityTest.json in Resources */,
				54F456A81DBBE7F7002D23A5 /* cartTest.json in Resources */,
				54F456A01DBBE7DF002D23A5 /* transactionTest.json in Resources */,
				54F4569F1DBBE7DC002D23A5 /* userTest.json in Resources */,
			);
			runOnlyForDeploymentPostprocessing = 0;
		};
/* End PBXResourcesBuildPhase section */

/* Begin PBXSourcesBuildPhase section */
		54946A491DB87D83005B1B4C /* Sources */ = {
			isa = PBXSourcesBuildPhase;
			buildActionMask = 2147483647;
			files = (
				544E353D1DB9EF5C00EDCBA3 /* EventInfo.swift in Sources */,
				548E61D41DC086E800B431EE /* HealthCareInsuranceExample.swift in Sources */,
				544E353F1DBA00C300EDCBA3 /* Component.swift in Sources */,
				544E35381DB9E88000EDCBA3 /* Address.swift in Sources */,
				542FC3D71DB8CF4F00EB5F55 /* DigitalData.swift in Sources */,
				544E35291DB9D0DF00EDCBA3 /* LinkedProduct.swift in Sources */,
				548E61D61DC086F300B431EE /* PrivacyAndSecurityExample.swift in Sources */,
				544E354E1DBA0C6A00EDCBA3 /* Privacy.swift in Sources */,
				542FC3D11DB8BDEF00EB5F55 /* BaseItem.swift in Sources */,
				541178361DB8E25E00844743 /* Product.swift in Sources */,
				544E352F1DB9DE5800EDCBA3 /* Item.swift in Sources */,
				544E353B1DB9EDF800EDCBA3 /* Event.swift in Sources */,
				548E61CC1DC086C700B431EE /* Airline.swift in Sources */,
				541178381DB8E29F00844743 /* ProductInfo.swift in Sources */,
				542FC3DC1DB8D13000EB5F55 /* PageInfo.swift in Sources */,
				542FC3D51DB8CD9D00EB5F55 /* Error.swift in Sources */,
				548E61D31DC086E800B431EE /* HealthCareDigitalData.swift in Sources */,
				544E352B1DB9D9AD00EDCBA3 /* Cart.swift in Sources */,
				548E61D01DC086D800B431EE /* Example2.swift in Sources */,
				544E352D1DB9DA2B00EDCBA3 /* Price.swift in Sources */,
				544E35341DB9E56900EDCBA3 /* TransactionProfile.swift in Sources */,
				544E35411DBA00FC00EDCBA3 /* ComponentInfo.swift in Sources */,
				544E35531DBA167200EDCBA3 /* CustomObject.swift in Sources */,
				544E35361DB9E60700EDCBA3 /* ProfileInfo.swift in Sources */,
				542FC3D31DB8C6DA00EB5F55 /* Security.swift in Sources */,
				544E35501DBA0CBF00EDCBA3 /* AccessCategory.swift in Sources */,
				54F456701DBBAB5E002D23A5 /* JSONProtocol.swift in Sources */,
				544E35491DBA080400EDCBA3 /* Socail.swift in Sources */,
				542FC3DA1DB8D0FE00EB5F55 /* Page.swift in Sources */,
				544E35451DBA06D100EDCBA3 /* Segment.swift in Sources */,
				542FC3E01DB8DBBB00EB5F55 /* Attributes.swift in Sources */,
				54F456AA1DBBEBD1002D23A5 /* Utility.swift in Sources */,
				542FC3DE1DB8D97F00EB5F55 /* Category.swift in Sources */,
				544E35471DBA079600EDCBA3 /* UserProfile.swift in Sources */,
				544E35321DB9E51000EDCBA3 /* Transaction.swift in Sources */,
				548E61CF1DC086D800B431EE /* Example1.swift in Sources */,
				544E35431DBA068E00EDCBA3 /* User.swift in Sources */,
			);
			runOnlyForDeploymentPostprocessing = 0;
		};
		54946A531DB87D84005B1B4C /* Sources */ = {
			isa = PBXSourcesBuildPhase;
			buildActionMask = 2147483647;
			files = (
				541910531DBC7E3500A16B02 /* PageTest.swift in Sources */,
				541910511DBC716F00A16B02 /* EventTest.swift in Sources */,
				541910581DBCCDDC00A16B02 /* ProductTest.swift in Sources */,
				5419105A1DBCCFF800A16B02 /* SecurityTest.swift in Sources */,
				541910551DBCCD3800A16B02 /* PrivacyTest.swift in Sources */,
				541910601DBCDEAF00A16B02 /* UserTest.swift in Sources */,
				5419105E1DBCDD5C00A16B02 /* TransactionTest.swift in Sources */,
				54946A5D1DB87D84005B1B4C /* ceddl4swiftTests.swift in Sources */,
				54F350C11DBC6A5A00BB6D1B /* DigitalDataTest.swift in Sources */,
				54F350BF1DBC692800BB6D1B /* ComponentTest.swift in Sources */,
				54F4569E1DBBE7D3002D23A5 /* CartTest.swift in Sources */,
				54F350BD1DBC5CDA00BB6D1B /* Utility.swift in Sources */,
			);
			runOnlyForDeploymentPostprocessing = 0;
		};
/* End PBXSourcesBuildPhase section */

/* Begin PBXTargetDependency section */
		54946A5A1DB87D84005B1B4C /* PBXTargetDependency */ = {
			isa = PBXTargetDependency;
			target = 54946A4D1DB87D83005B1B4C /* ceddl4swift */;
			targetProxy = 54946A591DB87D84005B1B4C /* PBXContainerItemProxy */;
		};
/* End PBXTargetDependency section */

/* Begin XCBuildConfiguration section */
		54946A601DB87D84005B1B4C /* Debug */ = {
			isa = XCBuildConfiguration;
			buildSettings = {
				ALWAYS_SEARCH_USER_PATHS = NO;
				CLANG_ANALYZER_NONNULL = YES;
				CLANG_CXX_LANGUAGE_STANDARD = "gnu++0x";
				CLANG_CXX_LIBRARY = "libc++";
				CLANG_ENABLE_MODULES = YES;
				CLANG_ENABLE_OBJC_ARC = YES;
				CLANG_WARN_BOOL_CONVERSION = YES;
				CLANG_WARN_CONSTANT_CONVERSION = YES;
				CLANG_WARN_DIRECT_OBJC_ISA_USAGE = YES_ERROR;
				CLANG_WARN_DOCUMENTATION_COMMENTS = YES;
				CLANG_WARN_EMPTY_BODY = YES;
				CLANG_WARN_ENUM_CONVERSION = YES;
				CLANG_WARN_INFINITE_RECURSION = YES;
				CLANG_WARN_INT_CONVERSION = YES;
				CLANG_WARN_OBJC_ROOT_CLASS = YES_ERROR;
				CLANG_WARN_SUSPICIOUS_MOVES = YES;
				CLANG_WARN_UNREACHABLE_CODE = YES;
				CLANG_WARN__DUPLICATE_METHOD_MATCH = YES;
				"CODE_SIGN_IDENTITY[sdk=iphoneos*]" = "iPhone Developer";
				COPY_PHASE_STRIP = NO;
				CURRENT_PROJECT_VERSION = 1;
				DEBUG_INFORMATION_FORMAT = dwarf;
				ENABLE_STRICT_OBJC_MSGSEND = YES;
				ENABLE_TESTABILITY = YES;
				GCC_C_LANGUAGE_STANDARD = gnu99;
				GCC_DYNAMIC_NO_PIC = NO;
				GCC_NO_COMMON_BLOCKS = YES;
				GCC_OPTIMIZATION_LEVEL = 0;
				GCC_PREPROCESSOR_DEFINITIONS = (
					"DEBUG=1",
					"$(inherited)",
				);
				GCC_WARN_64_TO_32_BIT_CONVERSION = YES;
				GCC_WARN_ABOUT_RETURN_TYPE = YES_ERROR;
				GCC_WARN_UNDECLARED_SELECTOR = YES;
				GCC_WARN_UNINITIALIZED_AUTOS = YES_AGGRESSIVE;
				GCC_WARN_UNUSED_FUNCTION = YES;
				GCC_WARN_UNUSED_VARIABLE = YES;
				IPHONEOS_DEPLOYMENT_TARGET = 10.0;
				MTL_ENABLE_DEBUG_INFO = YES;
				ONLY_ACTIVE_ARCH = YES;
				SDKROOT = iphoneos;
				SWIFT_ACTIVE_COMPILATION_CONDITIONS = DEBUG;
				SWIFT_OPTIMIZATION_LEVEL = "-Onone";
				TARGETED_DEVICE_FAMILY = "1,2";
				VERSIONING_SYSTEM = "apple-generic";
				VERSION_INFO_PREFIX = "";
			};
			name = Debug;
		};
		54946A611DB87D84005B1B4C /* Release */ = {
			isa = XCBuildConfiguration;
			buildSettings = {
				ALWAYS_SEARCH_USER_PATHS = NO;
				CLANG_ANALYZER_NONNULL = YES;
				CLANG_CXX_LANGUAGE_STANDARD = "gnu++0x";
				CLANG_CXX_LIBRARY = "libc++";
				CLANG_ENABLE_MODULES = YES;
				CLANG_ENABLE_OBJC_ARC = YES;
				CLANG_WARN_BOOL_CONVERSION = YES;
				CLANG_WARN_CONSTANT_CONVERSION = YES;
				CLANG_WARN_DIRECT_OBJC_ISA_USAGE = YES_ERROR;
				CLANG_WARN_DOCUMENTATION_COMMENTS = YES;
				CLANG_WARN_EMPTY_BODY = YES;
				CLANG_WARN_ENUM_CONVERSION = YES;
				CLANG_WARN_INFINITE_RECURSION = YES;
				CLANG_WARN_INT_CONVERSION = YES;
				CLANG_WARN_OBJC_ROOT_CLASS = YES_ERROR;
				CLANG_WARN_SUSPICIOUS_MOVES = YES;
				CLANG_WARN_UNREACHABLE_CODE = YES;
				CLANG_WARN__DUPLICATE_METHOD_MATCH = YES;
				"CODE_SIGN_IDENTITY[sdk=iphoneos*]" = "iPhone Developer";
				COPY_PHASE_STRIP = NO;
				CURRENT_PROJECT_VERSION = 1;
				DEBUG_INFORMATION_FORMAT = "dwarf-with-dsym";
				ENABLE_NS_ASSERTIONS = NO;
				ENABLE_STRICT_OBJC_MSGSEND = YES;
				GCC_C_LANGUAGE_STANDARD = gnu99;
				GCC_NO_COMMON_BLOCKS = YES;
				GCC_WARN_64_TO_32_BIT_CONVERSION = YES;
				GCC_WARN_ABOUT_RETURN_TYPE = YES_ERROR;
				GCC_WARN_UNDECLARED_SELECTOR = YES;
				GCC_WARN_UNINITIALIZED_AUTOS = YES_AGGRESSIVE;
				GCC_WARN_UNUSED_FUNCTION = YES;
				GCC_WARN_UNUSED_VARIABLE = YES;
				IPHONEOS_DEPLOYMENT_TARGET = 10.0;
				MTL_ENABLE_DEBUG_INFO = NO;
				SDKROOT = iphoneos;
				SWIFT_OPTIMIZATION_LEVEL = "-Owholemodule";
				TARGETED_DEVICE_FAMILY = "1,2";
				VALIDATE_PRODUCT = YES;
				VERSIONING_SYSTEM = "apple-generic";
				VERSION_INFO_PREFIX = "";
			};
			name = Release;
		};
		54946A631DB87D84005B1B4C /* Debug */ = {
			isa = XCBuildConfiguration;
			buildSettings = {
				CLANG_ENABLE_MODULES = YES;
				CODE_SIGN_IDENTITY = "";
				DEFINES_MODULE = YES;
				DYLIB_COMPATIBILITY_VERSION = 1;
				DYLIB_CURRENT_VERSION = 1;
				DYLIB_INSTALL_NAME_BASE = "@rpath";
				GCC_WARN_UNUSED_VALUE = YES;
				GCC_WARN_UNUSED_VARIABLE = YES;
				INFOPLIST_FILE = ceddl4swift/Info.plist;
				INSTALL_PATH = "$(LOCAL_LIBRARY_DIR)/Frameworks";
				LD_RUNPATH_SEARCH_PATHS = "$(inherited) @executable_path/Frameworks @loader_path/Frameworks";
				PRODUCT_BUNDLE_IDENTIFIER = com.datalicious.ceddl4swift;
				PRODUCT_NAME = "$(TARGET_NAME)";
				SKIP_INSTALL = YES;
				SWIFT_OPTIMIZATION_LEVEL = "-Onone";
				SWIFT_VERSION = 3.0;
			};
			name = Debug;
		};
		54946A641DB87D84005B1B4C /* Release */ = {
			isa = XCBuildConfiguration;
			buildSettings = {
				CLANG_ENABLE_MODULES = YES;
				CODE_SIGN_IDENTITY = "";
				DEFINES_MODULE = YES;
				DYLIB_COMPATIBILITY_VERSION = 1;
				DYLIB_CURRENT_VERSION = 1;
				DYLIB_INSTALL_NAME_BASE = "@rpath";
				GCC_WARN_UNUSED_VALUE = YES;
				GCC_WARN_UNUSED_VARIABLE = YES;
				INFOPLIST_FILE = ceddl4swift/Info.plist;
				INSTALL_PATH = "$(LOCAL_LIBRARY_DIR)/Frameworks";
				LD_RUNPATH_SEARCH_PATHS = "$(inherited) @executable_path/Frameworks @loader_path/Frameworks";
				PRODUCT_BUNDLE_IDENTIFIER = com.datalicious.ceddl4swift;
				PRODUCT_NAME = "$(TARGET_NAME)";
				SKIP_INSTALL = YES;
				SWIFT_VERSION = 3.0;
			};
			name = Release;
		};
		54946A661DB87D84005B1B4C /* Debug */ = {
			isa = XCBuildConfiguration;
			buildSettings = {
				ALWAYS_EMBED_SWIFT_STANDARD_LIBRARIES = YES;
				GCC_WARN_UNUSED_VALUE = YES;
				GCC_WARN_UNUSED_VARIABLE = YES;
				INFOPLIST_FILE = ceddl4swiftTests/Info.plist;
				LD_RUNPATH_SEARCH_PATHS = "$(inherited) @executable_path/Frameworks @loader_path/Frameworks";
				PRODUCT_BUNDLE_IDENTIFIER = com.datalicious.ceddl4swiftTests;
				PRODUCT_NAME = "$(TARGET_NAME)";
				SWIFT_VERSION = 3.0;
			};
			name = Debug;
		};
		54946A671DB87D84005B1B4C /* Release */ = {
			isa = XCBuildConfiguration;
			buildSettings = {
				ALWAYS_EMBED_SWIFT_STANDARD_LIBRARIES = YES;
				GCC_WARN_UNUSED_VALUE = YES;
				GCC_WARN_UNUSED_VARIABLE = YES;
				INFOPLIST_FILE = ceddl4swiftTests/Info.plist;
				LD_RUNPATH_SEARCH_PATHS = "$(inherited) @executable_path/Frameworks @loader_path/Frameworks";
				PRODUCT_BUNDLE_IDENTIFIER = com.datalicious.ceddl4swiftTests;
				PRODUCT_NAME = "$(TARGET_NAME)";
				SWIFT_VERSION = 3.0;
			};
			name = Release;
		};
/* End XCBuildConfiguration section */

/* Begin XCConfigurationList section */
		54946A481DB87D83005B1B4C /* Build configuration list for PBXProject "ceddl4swift" */ = {
			isa = XCConfigurationList;
			buildConfigurations = (
				54946A601DB87D84005B1B4C /* Debug */,
				54946A611DB87D84005B1B4C /* Release */,
			);
			defaultConfigurationIsVisible = 0;
			defaultConfigurationName = Release;
		};
		54946A621DB87D84005B1B4C /* Build configuration list for PBXNativeTarget "ceddl4swift" */ = {
			isa = XCConfigurationList;
			buildConfigurations = (
				54946A631DB87D84005B1B4C /* Debug */,
				54946A641DB87D84005B1B4C /* Release */,
			);
			defaultConfigurationIsVisible = 0;
			defaultConfigurationName = Release;
		};
		54946A651DB87D84005B1B4C /* Build configuration list for PBXNativeTarget "ceddl4swiftTests" */ = {
			isa = XCConfigurationList;
			buildConfigurations = (
				54946A661DB87D84005B1B4C /* Debug */,
				54946A671DB87D84005B1B4C /* Release */,
			);
			defaultConfigurationIsVisible = 0;
			defaultConfigurationName = Release;
		};
/* End XCConfigurationList section */
	};
	rootObject = 54946A451DB87D83005B1B4C /* Project object */;
}
